// !$*UTF8*$!
{
	archiveVersion = 1;
	classes = {
	};
	objectVersion = 46;
	objects = {

/* Begin PBXBuildFile section */
		5ADFCA7BBE23701074B1B3C0 /* libPods-twitter.a in Frameworks */ = {isa = PBXBuildFile; fileRef = 458B3D95C051B9890E0FC613 /* libPods-twitter.a */; };
		E620F8211A95D367004899F1 /* TwitterClient.swift in Sources */ = {isa = PBXBuildFile; fileRef = E620F8201A95D367004899F1 /* TwitterClient.swift */; };
		E620F8251A95E292004899F1 /* User.swift in Sources */ = {isa = PBXBuildFile; fileRef = E620F8241A95E292004899F1 /* User.swift */; };
		E620F8271A95E29D004899F1 /* Tweet.swift in Sources */ = {isa = PBXBuildFile; fileRef = E620F8261A95E29D004899F1 /* Tweet.swift */; };
		E620F8291A95EE9D004899F1 /* TweetsViewController.swift in Sources */ = {isa = PBXBuildFile; fileRef = E620F8281A95EE9D004899F1 /* TweetsViewController.swift */; };
		E62100C41A93C39200F41710 /* AppDelegate.swift in Sources */ = {isa = PBXBuildFile; fileRef = E62100C31A93C39200F41710 /* AppDelegate.swift */; };
		E62100C61A93C39200F41710 /* LoginViewController.swift in Sources */ = {isa = PBXBuildFile; fileRef = E62100C51A93C39200F41710 /* LoginViewController.swift */; };
		E62100C91A93C39200F41710 /* Main.storyboard in Resources */ = {isa = PBXBuildFile; fileRef = E62100C71A93C39200F41710 /* Main.storyboard */; };
		E62100CB1A93C39200F41710 /* Images.xcassets in Resources */ = {isa = PBXBuildFile; fileRef = E62100CA1A93C39200F41710 /* Images.xcassets */; };
		E62100CE1A93C39200F41710 /* LaunchScreen.xib in Resources */ = {isa = PBXBuildFile; fileRef = E62100CC1A93C39200F41710 /* LaunchScreen.xib */; };
		E62100DA1A93C39200F41710 /* twitterTests.swift in Sources */ = {isa = PBXBuildFile; fileRef = E62100D91A93C39200F41710 /* twitterTests.swift */; };
		E698A5961A9606BE0031B5C4 /* TweetTableViewCell.swift in Sources */ = {isa = PBXBuildFile; fileRef = E698A5951A9606BE0031B5C4 /* TweetTableViewCell.swift */; };
		E698A59A1A96AAC30031B5C4 /* Composer.storyboard in Resources */ = {isa = PBXBuildFile; fileRef = E698A5991A96AAC30031B5C4 /* Composer.storyboard */; };
		E698A5A01A96B45E0031B5C4 /* MarketingScript.ttf in Resources */ = {isa = PBXBuildFile; fileRef = E698A59E1A96B44F0031B5C4 /* MarketingScript.ttf */; };
/* End PBXBuildFile section */

/* Begin PBXContainerItemProxy section */
		E62100D41A93C39200F41710 /* PBXContainerItemProxy */ = {
			isa = PBXContainerItemProxy;
			containerPortal = E62100B61A93C39200F41710 /* Project object */;
			proxyType = 1;
			remoteGlobalIDString = E62100BD1A93C39200F41710;
			remoteInfo = twitter;
		};
/* End PBXContainerItemProxy section */

/* Begin PBXFileReference section */
		0437D671CBA7E48E43E05D52 /* Pods-twitter.release.xcconfig */ = {isa = PBXFileReference; includeInIndex = 1; lastKnownFileType = text.xcconfig; name = "Pods-twitter.release.xcconfig"; path = "Pods/Target Support Files/Pods-twitter/Pods-twitter.release.xcconfig"; sourceTree = "<group>"; };
		458B3D95C051B9890E0FC613 /* libPods-twitter.a */ = {isa = PBXFileReference; explicitFileType = archive.ar; includeInIndex = 0; path = "libPods-twitter.a"; sourceTree = BUILT_PRODUCTS_DIR; };
		A01EB02D0FAE4E083979B9E3 /* Pods-twitter.debug.xcconfig */ = {isa = PBXFileReference; includeInIndex = 1; lastKnownFileType = text.xcconfig; name = "Pods-twitter.debug.xcconfig"; path = "Pods/Target Support Files/Pods-twitter/Pods-twitter.debug.xcconfig"; sourceTree = "<group>"; };
		E620F81C1A95D2ED004899F1 /* twitter-Bridging-Header.h */ = {isa = PBXFileReference; lastKnownFileType = sourcecode.c.h; path = "twitter-Bridging-Header.h"; sourceTree = "<group>"; };
		E620F8201A95D367004899F1 /* TwitterClient.swift */ = {isa = PBXFileReference; fileEncoding = 4; lastKnownFileType = sourcecode.swift; path = TwitterClient.swift; sourceTree = "<group>"; };
		E620F8221A95D464004899F1 /* secrets.xcconfig */ = {isa = PBXFileReference; lastKnownFileType = text.xcconfig; path = secrets.xcconfig; sourceTree = "<group>"; };
		E620F8241A95E292004899F1 /* User.swift */ = {isa = PBXFileReference; fileEncoding = 4; lastKnownFileType = sourcecode.swift; path = User.swift; sourceTree = "<group>"; };
		E620F8261A95E29D004899F1 /* Tweet.swift */ = {isa = PBXFileReference; fileEncoding = 4; lastKnownFileType = sourcecode.swift; path = Tweet.swift; sourceTree = "<group>"; };
		E620F8281A95EE9D004899F1 /* TweetsViewController.swift */ = {isa = PBXFileReference; fileEncoding = 4; lastKnownFileType = sourcecode.swift; path = TweetsViewController.swift; sourceTree = "<group>"; };
		E62100BE1A93C39200F41710 /* twitter.app */ = {isa = PBXFileReference; explicitFileType = wrapper.application; includeInIndex = 0; path = twitter.app; sourceTree = BUILT_PRODUCTS_DIR; };
		E62100C21A93C39200F41710 /* Info.plist */ = {isa = PBXFileReference; lastKnownFileType = text.plist.xml; path = Info.plist; sourceTree = "<group>"; };
		E62100C31A93C39200F41710 /* AppDelegate.swift */ = {isa = PBXFileReference; lastKnownFileType = sourcecode.swift; path = AppDelegate.swift; sourceTree = "<group>"; };
		E62100C51A93C39200F41710 /* LoginViewController.swift */ = {isa = PBXFileReference; lastKnownFileType = sourcecode.swift; path = LoginViewController.swift; sourceTree = "<group>"; };
		E62100C81A93C39200F41710 /* Base */ = {isa = PBXFileReference; lastKnownFileType = file.storyboard; name = Base; path = Base.lproj/Main.storyboard; sourceTree = "<group>"; };
		E62100CA1A93C39200F41710 /* Images.xcassets */ = {isa = PBXFileReference; lastKnownFileType = folder.assetcatalog; path = Images.xcassets; sourceTree = "<group>"; };
		E62100CD1A93C39200F41710 /* Base */ = {isa = PBXFileReference; lastKnownFileType = file.xib; name = Base; path = Base.lproj/LaunchScreen.xib; sourceTree = "<group>"; };
		E62100D31A93C39200F41710 /* twitterTests.xctest */ = {isa = PBXFileReference; explicitFileType = wrapper.cfbundle; includeInIndex = 0; path = twitterTests.xctest; sourceTree = BUILT_PRODUCTS_DIR; };
		E62100D81A93C39200F41710 /* Info.plist */ = {isa = PBXFileReference; lastKnownFileType = text.plist.xml; path = Info.plist; sourceTree = "<group>"; };
		E62100D91A93C39200F41710 /* twitterTests.swift */ = {isa = PBXFileReference; lastKnownFileType = sourcecode.swift; path = twitterTests.swift; sourceTree = "<group>"; };
		E698A5951A9606BE0031B5C4 /* TweetTableViewCell.swift */ = {isa = PBXFileReference; fileEncoding = 4; lastKnownFileType = sourcecode.swift; path = TweetTableViewCell.swift; sourceTree = "<group>"; };
		E698A5991A96AAC30031B5C4 /* Composer.storyboard */ = {isa = PBXFileReference; fileEncoding = 4; lastKnownFileType = file.storyboard; path = Composer.storyboard; sourceTree = "<group>"; };
		E698A59E1A96B44F0031B5C4 /* MarketingScript.ttf */ = {isa = PBXFileReference; lastKnownFileType = file; path = MarketingScript.ttf; sourceTree = "<group>"; };
/* End PBXFileReference section */

/* Begin PBXFrameworksBuildPhase section */
		E62100BB1A93C39200F41710 /* Frameworks */ = {
			isa = PBXFrameworksBuildPhase;
			buildActionMask = 2147483647;
			files = (
				5ADFCA7BBE23701074B1B3C0 /* libPods-twitter.a in Frameworks */,
			);
			runOnlyForDeploymentPostprocessing = 0;
		};
		E62100D01A93C39200F41710 /* Frameworks */ = {
			isa = PBXFrameworksBuildPhase;
			buildActionMask = 2147483647;
			files = (
			);
			runOnlyForDeploymentPostprocessing = 0;
		};
/* End PBXFrameworksBuildPhase section */

/* Begin PBXGroup section */
		1C9C236862EF4AFE1C153986 /* Frameworks */ = {
			isa = PBXGroup;
			children = (
				458B3D95C051B9890E0FC613 /* libPods-twitter.a */,
			);
			name = Frameworks;
			sourceTree = "<group>";
		};
		32F4E6941F346B5C202B516F /* Pods */ = {
			isa = PBXGroup;
			children = (
				A01EB02D0FAE4E083979B9E3 /* Pods-twitter.debug.xcconfig */,
				0437D671CBA7E48E43E05D52 /* Pods-twitter.release.xcconfig */,
			);
			name = Pods;
			sourceTree = "<group>";
		};
		E620F81F1A95D33D004899F1 /* API */ = {
			isa = PBXGroup;
			children = (
				E620F8201A95D367004899F1 /* TwitterClient.swift */,
			);
			name = API;
			sourceTree = "<group>";
		};
		E620F8231A95E1D7004899F1 /* Models */ = {
			isa = PBXGroup;
			children = (
				E620F8241A95E292004899F1 /* User.swift */,
				E620F8261A95E29D004899F1 /* Tweet.swift */,
			);
			name = Models;
			sourceTree = "<group>";
		};
		E62100B51A93C39200F41710 = {
			isa = PBXGroup;
			children = (
				E620F8221A95D464004899F1 /* secrets.xcconfig */,
				E62100C01A93C39200F41710 /* twitter */,
				E62100D61A93C39200F41710 /* twitterTests */,
				E62100BF1A93C39200F41710 /* Products */,
				32F4E6941F346B5C202B516F /* Pods */,
				1C9C236862EF4AFE1C153986 /* Frameworks */,
			);
			sourceTree = "<group>";
		};
		E62100BF1A93C39200F41710 /* Products */ = {
			isa = PBXGroup;
			children = (
				E62100BE1A93C39200F41710 /* twitter.app */,
				E62100D31A93C39200F41710 /* twitterTests.xctest */,
			);
			name = Products;
			sourceTree = "<group>";
		};
		E62100C01A93C39200F41710 /* twitter */ = {
			isa = PBXGroup;
			children = (
				E620F81F1A95D33D004899F1 /* API */,
				E620F8231A95E1D7004899F1 /* Models */,
				E698A5941A9602230031B5C4 /* View Controllers */,
				E62100C31A93C39200F41710 /* AppDelegate.swift */,
				E62100C71A93C39200F41710 /* Main.storyboard */,
				E62100CA1A93C39200F41710 /* Images.xcassets */,
				E62100CC1A93C39200F41710 /* LaunchScreen.xib */,
				E62100C11A93C39200F41710 /* Supporting Files */,
				E698A59B1A96B3630031B5C4 /* Resources */,
				E620F81C1A95D2ED004899F1 /* twitter-Bridging-Header.h */,
				E698A5991A96AAC30031B5C4 /* Composer.storyboard */,
			);
			path = twitter;
			sourceTree = "<group>";
		};
		E62100C11A93C39200F41710 /* Supporting Files */ = {
			isa = PBXGroup;
			children = (
				E62100C21A93C39200F41710 /* Info.plist */,
			);
			name = "Supporting Files";
			sourceTree = "<group>";
		};
		E62100D61A93C39200F41710 /* twitterTests */ = {
			isa = PBXGroup;
			children = (
				E62100D91A93C39200F41710 /* twitterTests.swift */,
				E62100D71A93C39200F41710 /* Supporting Files */,
			);
			path = twitterTests;
			sourceTree = "<group>";
		};
		E62100D71A93C39200F41710 /* Supporting Files */ = {
			isa = PBXGroup;
			children = (
				E62100D81A93C39200F41710 /* Info.plist */,
			);
			name = "Supporting Files";
			sourceTree = "<group>";
		};
		E698A5941A9602230031B5C4 /* View Controllers */ = {
			isa = PBXGroup;
			children = (
				E62100C51A93C39200F41710 /* LoginViewController.swift */,
				E620F8281A95EE9D004899F1 /* TweetsViewController.swift */,
				E698A5951A9606BE0031B5C4 /* TweetTableViewCell.swift */,
			);
			name = "View Controllers";
			sourceTree = "<group>";
		};
		E698A59B1A96B3630031B5C4 /* Resources */ = {
			isa = PBXGroup;
			children = (
				E698A59E1A96B44F0031B5C4 /* MarketingScript.ttf */,
			);
			name = Resources;
			sourceTree = "<group>";
		};
/* End PBXGroup section */

/* Begin PBXNativeTarget section */
		E62100BD1A93C39200F41710 /* twitter */ = {
			isa = PBXNativeTarget;
			buildConfigurationList = E62100DD1A93C39200F41710 /* Build configuration list for PBXNativeTarget "twitter" */;
			buildPhases = (
				5240016A575646C8AA7262BD /* Check Pods Manifest.lock */,
				E62100BA1A93C39200F41710 /* Sources */,
				E62100BB1A93C39200F41710 /* Frameworks */,
				E62100BC1A93C39200F41710 /* Resources */,
				BD1E2A1698957EA76101214F /* Copy Pods Resources */,
			);
			buildRules = (
			);
			dependencies = (
			);
			name = twitter;
			productName = twitter;
			productReference = E62100BE1A93C39200F41710 /* twitter.app */;
			productType = "com.apple.product-type.application";
		};
		E62100D21A93C39200F41710 /* twitterTests */ = {
			isa = PBXNativeTarget;
			buildConfigurationList = E62100E01A93C39200F41710 /* Build configuration list for PBXNativeTarget "twitterTests" */;
			buildPhases = (
				E62100CF1A93C39200F41710 /* Sources */,
				E62100D01A93C39200F41710 /* Frameworks */,
				E62100D11A93C39200F41710 /* Resources */,
			);
			buildRules = (
			);
			dependencies = (
				E62100D51A93C39200F41710 /* PBXTargetDependency */,
			);
			name = twitterTests;
			productName = twitterTests;
			productReference = E62100D31A93C39200F41710 /* twitterTests.xctest */;
			productType = "com.apple.product-type.bundle.unit-test";
		};
/* End PBXNativeTarget section */

/* Begin PBXProject section */
		E62100B61A93C39200F41710 /* Project object */ = {
			isa = PBXProject;
			attributes = {
				LastUpgradeCheck = 0620;
				ORGANIZATIONNAME = "Falk-Wallace";
				TargetAttributes = {
					E62100BD1A93C39200F41710 = {
						CreatedOnToolsVersion = 6.2;
					};
					E62100D21A93C39200F41710 = {
						CreatedOnToolsVersion = 6.2;
						TestTargetID = E62100BD1A93C39200F41710;
					};
				};
			};
			buildConfigurationList = E62100B91A93C39200F41710 /* Build configuration list for PBXProject "twitter" */;
			compatibilityVersion = "Xcode 3.2";
			developmentRegion = English;
			hasScannedForEncodings = 0;
			knownRegions = (
				en,
				Base,
			);
			mainGroup = E62100B51A93C39200F41710;
			productRefGroup = E62100BF1A93C39200F41710 /* Products */;
			projectDirPath = "";
			projectRoot = "";
			targets = (
				E62100BD1A93C39200F41710 /* twitter */,
				E62100D21A93C39200F41710 /* twitterTests */,
			);
		};
/* End PBXProject section */

/* Begin PBXResourcesBuildPhase section */
		E62100BC1A93C39200F41710 /* Resources */ = {
			isa = PBXResourcesBuildPhase;
			buildActionMask = 2147483647;
			files = (
				E698A5A01A96B45E0031B5C4 /* MarketingScript.ttf in Resources */,
				E62100C91A93C39200F41710 /* Main.storyboard in Resources */,
				E62100CE1A93C39200F41710 /* LaunchScreen.xib in Resources */,
				E698A59A1A96AAC30031B5C4 /* Composer.storyboard in Resources */,
				E62100CB1A93C39200F41710 /* Images.xcassets in Resources */,
			);
			runOnlyForDeploymentPostprocessing = 0;
		};
		E62100D11A93C39200F41710 /* Resources */ = {
			isa = PBXResourcesBuildPhase;
			buildActionMask = 2147483647;
			files = (
			);
			runOnlyForDeploymentPostprocessing = 0;
		};
/* End PBXResourcesBuildPhase section */

/* Begin PBXShellScriptBuildPhase section */
		5240016A575646C8AA7262BD /* Check Pods Manifest.lock */ = {
			isa = PBXShellScriptBuildPhase;
			buildActionMask = 2147483647;
			files = (
			);
			inputPaths = (
			);
			name = "Check Pods Manifest.lock";
			outputPaths = (
			);
			runOnlyForDeploymentPostprocessing = 0;
			shellPath = /bin/sh;
			shellScript = "diff \"${PODS_ROOT}/../Podfile.lock\" \"${PODS_ROOT}/Manifest.lock\" > /dev/null\nif [[ $? != 0 ]] ; then\n    cat << EOM\nerror: The sandbox is not in sync with the Podfile.lock. Run 'pod install' or update your CocoaPods installation.\nEOM\n    exit 1\nfi\n";
			showEnvVarsInLog = 0;
		};
		BD1E2A1698957EA76101214F /* Copy Pods Resources */ = {
			isa = PBXShellScriptBuildPhase;
			buildActionMask = 2147483647;
			files = (
			);
			inputPaths = (
			);
			name = "Copy Pods Resources";
			outputPaths = (
			);
			runOnlyForDeploymentPostprocessing = 0;
			shellPath = /bin/sh;
			shellScript = "\"${SRCROOT}/Pods/Target Support Files/Pods-twitter/Pods-twitter-resources.sh\"\n";
			showEnvVarsInLog = 0;
		};
/* End PBXShellScriptBuildPhase section */

/* Begin PBXSourcesBuildPhase section */
		E62100BA1A93C39200F41710 /* Sources */ = {
			isa = PBXSourcesBuildPhase;
			buildActionMask = 2147483647;
			files = (
				E620F8251A95E292004899F1 /* User.swift in Sources */,
				E620F8271A95E29D004899F1 /* Tweet.swift in Sources */,
				E620F8291A95EE9D004899F1 /* TweetsViewController.swift in Sources */,
				E62100C61A93C39200F41710 /* LoginViewController.swift in Sources */,
				E620F8211A95D367004899F1 /* TwitterClient.swift in Sources */,
				E62100C41A93C39200F41710 /* AppDelegate.swift in Sources */,
				E698A5961A9606BE0031B5C4 /* TweetTableViewCell.swift in Sources */,
			);
			runOnlyForDeploymentPostprocessing = 0;
		};
		E62100CF1A93C39200F41710 /* Sources */ = {
			isa = PBXSourcesBuildPhase;
			buildActionMask = 2147483647;
			files = (
				E62100DA1A93C39200F41710 /* twitterTests.swift in Sources */,
			);
			runOnlyForDeploymentPostprocessing = 0;
		};
/* End PBXSourcesBuildPhase section */

/* Begin PBXTargetDependency section */
		E62100D51A93C39200F41710 /* PBXTargetDependency */ = {
			isa = PBXTargetDependency;
			target = E62100BD1A93C39200F41710 /* twitter */;
			targetProxy = E62100D41A93C39200F41710 /* PBXContainerItemProxy */;
		};
/* End PBXTargetDependency section */

/* Begin PBXVariantGroup section */
		E62100C71A93C39200F41710 /* Main.storyboard */ = {
			isa = PBXVariantGroup;
			children = (
				E62100C81A93C39200F41710 /* Base */,
			);
			name = Main.storyboard;
			sourceTree = "<group>";
		};
		E62100CC1A93C39200F41710 /* LaunchScreen.xib */ = {
			isa = PBXVariantGroup;
			children = (
				E62100CD1A93C39200F41710 /* Base */,
			);
			name = LaunchScreen.xib;
			sourceTree = "<group>";
		};
/* End PBXVariantGroup section */

/* Begin XCBuildConfiguration section */
		E62100DB1A93C39200F41710 /* Debug */ = {
			isa = XCBuildConfiguration;
			baseConfigurationReference = E620F8221A95D464004899F1 /* secrets.xcconfig */;
			buildSettings = {
				ALWAYS_SEARCH_USER_PATHS = NO;
				CLANG_CXX_LANGUAGE_STANDARD = "gnu++0x";
				CLANG_CXX_LIBRARY = "libc++";
				CLANG_ENABLE_MODULES = YES;
				CLANG_ENABLE_OBJC_ARC = YES;
				CLANG_WARN_BOOL_CONVERSION = YES;
				CLANG_WARN_CONSTANT_CONVERSION = YES;
				CLANG_WARN_DIRECT_OBJC_ISA_USAGE = YES_ERROR;
				CLANG_WARN_EMPTY_BODY = YES;
				CLANG_WARN_ENUM_CONVERSION = YES;
				CLANG_WARN_INT_CONVERSION = YES;
				CLANG_WARN_OBJC_ROOT_CLASS = YES_ERROR;
				CLANG_WARN_UNREACHABLE_CODE = YES;
				CLANG_WARN__DUPLICATE_METHOD_MATCH = YES;
				"CODE_SIGN_IDENTITY[sdk=iphoneos*]" = "iPhone Developer";
				COPY_PHASE_STRIP = NO;
				ENABLE_STRICT_OBJC_MSGSEND = YES;
				GCC_C_LANGUAGE_STANDARD = gnu99;
				GCC_DYNAMIC_NO_PIC = NO;
				GCC_OPTIMIZATION_LEVEL = 0;
				GCC_PREPROCESSOR_DEFINITIONS = (
					"DEBUG=1",
					"$(inherited)",
				);
				GCC_SYMBOLS_PRIVATE_EXTERN = NO;
				GCC_WARN_64_TO_32_BIT_CONVERSION = YES;
				GCC_WARN_ABOUT_RETURN_TYPE = YES_ERROR;
				GCC_WARN_UNDECLARED_SELECTOR = YES;
				GCC_WARN_UNINITIALIZED_AUTOS = YES_AGGRESSIVE;
				GCC_WARN_UNUSED_FUNCTION = YES;
				GCC_WARN_UNUSED_VARIABLE = YES;
				IPHONEOS_DEPLOYMENT_TARGET = 8.2;
				MTL_ENABLE_DEBUG_INFO = YES;
				ONLY_ACTIVE_ARCH = YES;
				SDKROOT = iphoneos;
				SWIFT_OPTIMIZATION_LEVEL = "-Onone";
				TARGETED_DEVICE_FAMILY = "1,2";
			};
			name = Debug;
		};
		E62100DC1A93C39200F41710 /* Release */ = {
			isa = XCBuildConfiguration;
			baseConfigurationReference = E620F8221A95D464004899F1 /* secrets.xcconfig */;
			buildSettings = {
				ALWAYS_SEARCH_USER_PATHS = NO;
				CLANG_CXX_LANGUAGE_STANDARD = "gnu++0x";
				CLANG_CXX_LIBRARY = "libc++";
				CLANG_ENABLE_MODULES = YES;
				CLANG_ENABLE_OBJC_ARC = YES;
				CLANG_WARN_BOOL_CONVERSION = YES;
				CLANG_WARN_CONSTANT_CONVERSION = YES;
				CLANG_WARN_DIRECT_OBJC_ISA_USAGE = YES_ERROR;
				CLANG_WARN_EMPTY_BODY = YES;
				CLANG_WARN_ENUM_CONVERSION = YES;
				CLANG_WARN_INT_CONVERSION = YES;
				CLANG_WARN_OBJC_ROOT_CLASS = YES_ERROR;
				CLANG_WARN_UNREACHABLE_CODE = YES;
				CLANG_WARN__DUPLICATE_METHOD_MATCH = YES;
				"CODE_SIGN_IDENTITY[sdk=iphoneos*]" = "iPhone Developer";
				COPY_PHASE_STRIP = NO;
				ENABLE_NS_ASSERTIONS = NO;
				ENABLE_STRICT_OBJC_MSGSEND = YES;
				GCC_C_LANGUAGE_STANDARD = gnu99;
				GCC_WARN_64_TO_32_BIT_CONVERSION = YES;
				GCC_WARN_ABOUT_RETURN_TYPE = YES_ERROR;
				GCC_WARN_UNDECLARED_SELECTOR = YES;
				GCC_WARN_UNINITIALIZED_AUTOS = YES_AGGRESSIVE;
				GCC_WARN_UNUSED_FUNCTION = YES;
				GCC_WARN_UNUSED_VARIABLE = YES;
				IPHONEOS_DEPLOYMENT_TARGET = 8.2;
				MTL_ENABLE_DEBUG_INFO = NO;
				SDKROOT = iphoneos;
				TARGETED_DEVICE_FAMILY = "1,2";
				VALIDATE_PRODUCT = YES;
			};
			name = Release;
		};
		E62100DE1A93C39200F41710 /* Debug */ = {
			isa = XCBuildConfiguration;
			baseConfigurationReference = A01EB02D0FAE4E083979B9E3 /* Pods-twitter.debug.xcconfig */;
			buildSettings = {
				ASSETCATALOG_COMPILER_APPICON_NAME = AppIcon;
				CLANG_ENABLE_MODULES = YES;
				INFOPLIST_FILE = twitter/Info.plist;
				LD_RUNPATH_SEARCH_PATHS = "$(inherited) @executable_path/Frameworks";
				PRODUCT_NAME = "$(TARGET_NAME)";
				SWIFT_OBJC_BRIDGING_HEADER = "twitter/twitter-Bridging-Header.h";
				SWIFT_OPTIMIZATION_LEVEL = "-Onone";
			};
			name = Debug;
		};
		E62100DF1A93C39200F41710 /* Release */ = {
			isa = XCBuildConfiguration;
			baseConfigurationReference = 0437D671CBA7E48E43E05D52 /* Pods-twitter.release.xcconfig */;
			buildSettings = {
				ASSETCATALOG_COMPILER_APPICON_NAME = AppIcon;
				CLANG_ENABLE_MODULES = YES;
				INFOPLIST_FILE = twitter/Info.plist;
				LD_RUNPATH_SEARCH_PATHS = "$(inherited) @executable_path/Frameworks";
				PRODUCT_NAME = "$(TARGET_NAME)";
				SWIFT_OBJC_BRIDGING_HEADER = "twitter/twitter-Bridging-Header.h";
			};
			name = Release;
		};
		E62100E11A93C39200F41710 /* Debug */ = {
			isa = XCBuildConfiguration;
			buildSettings = {
				BUNDLE_LOADER = "$(TEST_HOST)";
				FRAMEWORK_SEARCH_PATHS = (
					"$(SDKROOT)/Developer/Library/Frameworks",
					"$(inherited)",
				);
				GCC_PREPROCESSOR_DEFINITIONS = (
					"DEBUG=1",
					"$(inherited)",
				);
				INFOPLIST_FILE = twitterTests/Info.plist;
				LD_RUNPATH_SEARCH_PATHS = "$(inherited) @executable_path/Frameworks @loader_path/Frameworks";
				PRODUCT_NAME = "$(TARGET_NAME)";
				TEST_HOST = "$(BUILT_PRODUCTS_DIR)/twitter.app/twitter";
			};
			name = Debug;
		};
		E62100E21A93C39200F41710 /* Release */ = {
			isa = XCBuildConfiguration;
			buildSettings = {
				BUNDLE_LOADER = "$(TEST_HOST)";
				FRAMEWORK_SEARCH_PATHS = (
					"$(SDKROOT)/Developer/Library/Frameworks",
					"$(inherited)",
				);
				INFOPLIST_FILE = twitterTests/Info.plist;
				LD_RUNPATH_SEARCH_PATHS = "$(inherited) @executable_path/Frameworks @loader_path/Frameworks";
				PRODUCT_NAME = "$(TARGET_NAME)";
				TEST_HOST = "$(BUILT_PRODUCTS_DIR)/twitter.app/twitter";
			};
			name = Release;
		};
/* End XCBuildConfiguration section */

/* Begin XCConfigurationList section */
		E62100B91A93C39200F41710 /* Build configuration list for PBXProject "twitter" */ = {
			isa = XCConfigurationList;
			buildConfigurations = (
				E62100DB1A93C39200F41710 /* Debug */,
				E62100DC1A93C39200F41710 /* Release */,
			);
			defaultConfigurationIsVisible = 0;
			defaultConfigurationName = Release;
		};
		E62100DD1A93C39200F41710 /* Build configuration list for PBXNativeTarget "twitter" */ = {
			isa = XCConfigurationList;
			buildConfigurations = (
				E62100DE1A93C39200F41710 /* Debug */,
				E62100DF1A93C39200F41710 /* Release */,
			);
			defaultConfigurationIsVisible = 0;
			defaultConfigurationName = Release;
		};
		E62100E01A93C39200F41710 /* Build configuration list for PBXNativeTarget "twitterTests" */ = {
			isa = XCConfigurationList;
			buildConfigurations = (
				E62100E11A93C39200F41710 /* Debug */,
				E62100E21A93C39200F41710 /* Release */,
			);
			defaultConfigurationIsVisible = 0;
			defaultConfigurationName = Release;
		};
/* End XCConfigurationList section */
	};
	rootObject = E62100B61A93C39200F41710 /* Project object */;
}
